
Microsoft Visual Studio Solution File, Format Version 12.00
# Visual Studio Version 16
VisualStudioVersion = 16.0.31424.327
MinimumVisualStudioVersion = 10.0.40219.1
Project("{FAE04EC0-301F-11D3-BF4B-00C04F79EFBC}") = "NESTEDTREEVIEW", "NESTEDTREEVIEW.csproj", "{BD1EC292-B570-45D2-B653-28FD10EF7B4E}"
EndProject
Global
	GlobalSection(SolutionConfigurationPlatforms) = preSolution
		Debug|Any CPU = Debug|Any CPU
		Release|Any CPU = Release|Any CPU
	EndGlobalSection
	GlobalSection(ProjectConfigurationPlatforms) = postSolution
		{BD1EC292-B570-45D2-B653-28FD10EF7B4E}.Debug|Any CPU.ActiveCfg = Debug|Any CPU
		{BD1EC292-B570-45D2-B653-28FD10EF7B4E}.Debug|Any CPU.Build.0 = Debug|Any CPU
		{BD1EC292-B570-45D2-B653-28FD10EF7B4E}.Release|Any CPU.ActiveCfg = Release|Any CPU
		{BD1EC292-B570-45D2-B653-28FD10EF7B4E}.Release|Any CPU.Build.0 = Release|Any CPU
	EndGlobalSection
	GlobalSection(SolutionProperties) = preSolution
		HideSolutionNode = FALSE
	EndGlobalSection
	GlobalSection(ExtensibilityGlobals) = postSolution
		SolutionGuid = {A269D4EC-64CD-4EE5-B25A-6156A512573E}
	EndGlobalSection
EndGlobal
